
Microsoft Visual Studio Solution File, Format Version 12.00
# Visual Studio Version 16
VisualStudioVersion = 16.0.30503.244
MinimumVisualStudioVersion = 10.0.40219.1
Project("{9A19103F-16F7-4668-BE54-9A1E7A4F7556}") = "BCITBlazor.Common", "BCITBlazor.Common\BCITBlazor.Common.csproj", "{4A9FA71D-54C7-41B2-A9ED-4BBA6E2F1B05}"
EndProject
Project("{9A19103F-16F7-4668-BE54-9A1E7A4F7556}") = "BCITBlazor.UI", "BCITBlazor.UI\BCITBlazor.UI.csproj", "{AE2886BA-2C56-4954-93CD-AE53056D4E2A}"
EndProject
Global
	GlobalSection(SolutionConfigurationPlatforms) = preSolution
		Debug|Any CPU = Debug|Any CPU
		Release|Any CPU = Release|Any CPU
	EndGlobalSection
	GlobalSection(ProjectConfigurationPlatforms) = postSolution
		{4A9FA71D-54C7-41B2-A9ED-4BBA6E2F1B05}.Debug|Any CPU.ActiveCfg = Debug|Any CPU
		{4A9FA71D-54C7-41B2-A9ED-4BBA6E2F1B05}.Debug|Any CPU.Build.0 = Debug|Any CPU
		{4A9FA71D-54C7-41B2-A9ED-4BBA6E2F1B05}.Release|Any CPU.ActiveCfg = Release|Any CPU
		{4A9FA71D-54C7-41B2-A9ED-4BBA6E2F1B05}.Release|Any CPU.Build.0 = Release|Any CPU
		{AE2886BA-2C56-4954-93CD-AE53056D4E2A}.Debug|Any CPU.ActiveCfg = Debug|Any CPU
		{AE2886BA-2C56-4954-93CD-AE53056D4E2A}.Debug|Any CPU.Build.0 = Debug|Any CPU
		{AE2886BA-2C56-4954-93CD-AE53056D4E2A}.Release|Any CPU.ActiveCfg = Release|Any CPU
		{AE2886BA-2C56-4954-93CD-AE53056D4E2A}.Release|Any CPU.Build.0 = Release|Any CPU
	EndGlobalSection
	GlobalSection(SolutionProperties) = preSolution
		HideSolutionNode = FALSE
	EndGlobalSection
	GlobalSection(ExtensibilityGlobals) = postSolution
		SolutionGuid = {2C623440-47CF-4916-AAEA-31D568FAD4EB}
	EndGlobalSection
EndGlobal
